Microsoft Visual Studio Solution File, Format Version 8.00
Project("{FAE04EC0-301F-11D3-BF4B-00C04F79EFBC}") = "example-cs", "example-cs.csproj", "{C17D27DF-4C57-4625-AEE0-A40C4F48FF1A}"
	ProjectSection(ProjectDependencies) = postProject
		{C2302635-D489-4678-96B4-70F5309DCBE6} = {C2302635-D489-4678-96B4-70F5309DCBE6}
	EndProjectSection
EndProject
Project("{8BC9CEB8-8B4A-11D0-8D11-00A0C91BC942}") = "example-vc", "example-vc.vcproj", "{C2302635-D489-4678-96B4-70F5309DCBE6}"
	ProjectSection(ProjectDependencies) = postProject
	EndProjectSection
EndProject
Global
	GlobalSection(SolutionConfiguration) = preSolution
		Debug = Debug
		Release = Release
	EndGlobalSection
	GlobalSection(ProjectConfiguration) = postSolution
		{C17D27DF-4C57-4625-AEE0-A40C4F48FF1A}.Debug.ActiveCfg = Debug|.NET
		{C17D27DF-4C57-4625-AEE0-A40C4F48FF1A}.Debug.Build.0 = Debug|.NET
		{C17D27DF-4C57-4625-AEE0-A40C4F48FF1A}.Release.ActiveCfg = Release|.NET
		{C17D27DF-4C57-4625-AEE0-A40C4F48FF1A}.Release.Build.0 = Release|.NET
		{C2302635-D489-4678-96B4-70F5309DCBE6}.Debug.ActiveCfg = Debug|Win32
		{C2302635-D489-4678-96B4-70F5309DCBE6}.Debug.Build.0 = Debug|Win32
		{C2302635-D489-4678-96B4-70F5309DCBE6}.Release.ActiveCfg = Release|Win32
		{C2302635-D489-4678-96B4-70F5309DCBE6}.Release.Build.0 = Release|Win32
	EndGlobalSection
	GlobalSection(ExtensibilityGlobals) = postSolution
	EndGlobalSection
	GlobalSection(ExtensibilityAddIns) = postSolution
	EndGlobalSection
EndGlobal
